{
  "name": "@3rdeyelabs/indigo-ai",
  "version": "0.0.0",
  "lockfileVersion": 3,
  "requires": true,
  "packages": {
    "": {
      "name": "@3rdeyelabs/indigo-ai",
      "version": "0.0.0",
      "license": "MIT",
      "workspaces": [
        "packages/*"
      ]
    },
    "node_modules/@indigoprotocol/indigo-assets": {
      "resolved": "packages/indigo-assets",
      "link": true
    },
    "node_modules/@indigoprotocol/indigo-cdp": {
      "resolved": "packages/indigo-cdp",
      "link": true
    },
    "node_modules/@indigoprotocol/indigo-oracle": {
      "resolved": "packages/indigo-oracle",
      "link": true
    },
    "node_modules/@indigoprotocol/indigo-skills": {
      "resolved": "packages/indigo-skills",
      "link": true
    },
    "node_modules/@indigoprotocol/openclaw-indigo": {
      "resolved": "packages/openclaw-indigo",
      "link": true
    },
    "packages/indigo-assets": {
      "name": "@indigoprotocol/indigo-assets",
      "version": "0.1.0",
      "license": "MIT"
    },
    "packages/indigo-cdp": {
      "name": "@indigoprotocol/indigo-cdp",
      "version": "0.1.0",
      "license": "MIT"
    },
    "packages/indigo-oracle": {
      "name": "@indigoprotocol/indigo-oracle",
      "version": "0.1.0",
      "license": "MIT"
    },
    "packages/indigo-skills": {
      "name": "@indigoprotocol/indigo-skills",
      "version": "0.1.0",
      "license": "MIT",
      "bin": {
        "indigo-skills": "bin/indigo-skills.mjs"
      }
    },
    "packages/openclaw-indigo": {
      "name": "@indigoprotocol/openclaw-indigo",
      "version": "0.1.0",
      "license": "MIT"
    }
  }
}
