{
  "name": "@indigoprotocol/indigo-ai",
  "version": "0.0.0",
  "lockfileVersion": 3,
  "requires": true,
  "packages": {
    "": {
      "name": "@indigoprotocol/indigo-ai",
      "version": "0.0.0",
      "license": "MIT",
      "workspaces": [
        "packages/shared",
        "packages/plugins/*",
        "packages/indigo-skills"
      ]
    },
    "node_modules/@indigoprotocol/indigo-data": {
      "resolved": "packages/plugins/indigo-data",
      "link": true
    },
    "node_modules/@indigoprotocol/indigo-defi": {
      "resolved": "packages/plugins/indigo-defi",
      "link": true
    },
    "node_modules/@indigoprotocol/indigo-skills": {
      "resolved": "packages/indigo-skills",
      "link": true
    },
    "node_modules/@indigoprotocol/openclaw-indigo": {
      "resolved": "packages/plugins/openclaw-indigo",
      "link": true
    },
    "node_modules/@indigoprotocol/shared": {
      "resolved": "packages/shared",
      "link": true
    },
    "packages/indigo-assets": {
      "name": "@indigoprotocol/indigo-assets",
      "version": "0.1.0",
      "extraneous": true,
      "license": "MIT"
    },
    "packages/indigo-cdp": {
      "name": "@indigoprotocol/indigo-cdp",
      "version": "0.1.0",
      "extraneous": true,
      "license": "MIT"
    },
    "packages/indigo-oracle": {
      "name": "@indigoprotocol/indigo-oracle",
      "version": "0.1.0",
      "extraneous": true,
      "license": "MIT"
    },
    "packages/indigo-skills": {
      "name": "@indigoprotocol/indigo-skills",
      "version": "0.1.0",
      "license": "MIT",
      "bin": {
        "indigo-skills": "bin/indigo-skills.mjs"
      }
    },
    "packages/openclaw-indigo": {
      "name": "@indigoprotocol/openclaw-indigo",
      "version": "0.1.0",
      "extraneous": true,
      "license": "MIT"
    },
    "packages/plugins/indigo-data": {
      "name": "@indigoprotocol/indigo-data",
      "version": "0.1.0",
      "license": "MIT"
    },
    "packages/plugins/indigo-defi": {
      "name": "@indigoprotocol/indigo-defi",
      "version": "0.1.0",
      "license": "MIT"
    },
    "packages/plugins/openclaw-indigo": {
      "name": "@indigoprotocol/openclaw-indigo",
      "version": "0.1.0",
      "license": "MIT"
    },
    "packages/shared": {
      "name": "@indigoprotocol/shared",
      "version": "0.1.0",
      "license": "MIT"
    }
  }
}
